{
  "name": "@nrk/core-expand",
  "version": "1.0.0",
  "lockfileVersion": 1,
  "requires": true,
  "dependencies": {
    "polyfill-custom-event": {
      "version": "1.0.5",
      "resolved": "https://registry.npmjs.org/polyfill-custom-event/-/polyfill-custom-event-1.0.5.tgz",
      "integrity": "sha1-MGZrMTwybor0/++wmRXJZQ887aA="
    }
  }
}
