{
  "name": "@nrk/core-datepicker",
  "version": "3.0.5",
  "lockfileVersion": 1,
  "requires": true,
  "dependencies": {
    "@nrk/simple-date-parse": {
      "version": "1.0.3",
      "resolved": "https://registry.npmjs.org/@nrk/simple-date-parse/-/simple-date-parse-1.0.3.tgz",
      "integrity": "sha512-/AglUXWE5z9T2zxgIbpQP9l14zBkgefz21AuD0ZzMopuLertPZVrH6GZzt5R2apyVcLrsLxXaNYGuYx9biWJEA==",
      "dev": true
    }
  }
}
