{
  "name": "@nrk/core-datepicker",
  "version": "4.0.2",
  "lockfileVersion": 2,
  "requires": true,
  "packages": {
    "": {
      "name": "@nrk/core-datepicker",
      "version": "4.0.2",
      "license": "MIT",
      "devDependencies": {
        "@nrk/simple-date-parse": "1.0.3"
      }
    },
    "node_modules/@nrk/simple-date-parse": {
      "version": "1.0.3",
      "resolved": "https://registry.npmjs.org/@nrk/simple-date-parse/-/simple-date-parse-1.0.3.tgz",
      "integrity": "sha512-/AglUXWE5z9T2zxgIbpQP9l14zBkgefz21AuD0ZzMopuLertPZVrH6GZzt5R2apyVcLrsLxXaNYGuYx9biWJEA==",
      "dev": true
    }
  },
  "dependencies": {
    "@nrk/simple-date-parse": {
      "version": "1.0.3",
      "resolved": "https://registry.npmjs.org/@nrk/simple-date-parse/-/simple-date-parse-1.0.3.tgz",
      "integrity": "sha512-/AglUXWE5z9T2zxgIbpQP9l14zBkgefz21AuD0ZzMopuLertPZVrH6GZzt5R2apyVcLrsLxXaNYGuYx9biWJEA==",
      "dev": true
    }
  }
}
