{
  "name": "@nrk/core-datepicker",
  "version": "1.2.2",
  "lockfileVersion": 1,
  "requires": true,
  "dependencies": {
    "@nrk/simple-date-parse": {
      "version": "1.0.2",
      "resolved": "https://registry.npmjs.org/@nrk/simple-date-parse/-/simple-date-parse-1.0.2.tgz",
      "integrity": "sha512-aFa3M0iKQDoMcJB7rU60BIdfh6Q+8aFhGo4x8SyyAVqMXhy8+iDObW9zpUFRd1F7TDZza+IR9zfgvlfBahdcVw==",
      "dev": true
    }
  }
}
